
Microsoft Visual Studio Solution File, Format Version 12.00
# Visual Studio Version 17
VisualStudioVersion = 17.8.34322.80
MinimumVisualStudioVersion = 10.0.40219.1
Project("{FAE04EC0-301F-11D3-BF4B-00C04F79EFBC}") = "EmprestimosOnline", "EmprestimosOnline\EmprestimosOnline.csproj", "{D1CFD439-A683-48AC-8306-8E28A28CDFA5}"
EndProject
Global
	GlobalSection(SolutionConfigurationPlatforms) = preSolution
		Debug|Any CPU = Debug|Any CPU
		Release|Any CPU = Release|Any CPU
	EndGlobalSection
	GlobalSection(ProjectConfigurationPlatforms) = postSolution
		{D1CFD439-A683-48AC-8306-8E28A28CDFA5}.Debug|Any CPU.ActiveCfg = Debug|Any CPU
		{D1CFD439-A683-48AC-8306-8E28A28CDFA5}.Debug|Any CPU.Build.0 = Debug|Any CPU
		{D1CFD439-A683-48AC-8306-8E28A28CDFA5}.Release|Any CPU.ActiveCfg = Release|Any CPU
		{D1CFD439-A683-48AC-8306-8E28A28CDFA5}.Release|Any CPU.Build.0 = Release|Any CPU
	EndGlobalSection
	GlobalSection(SolutionProperties) = preSolution
		HideSolutionNode = FALSE
	EndGlobalSection
	GlobalSection(ExtensibilityGlobals) = postSolution
		SolutionGuid = {59E9B561-87C9-451D-B15F-C43DCBB74C68}
	EndGlobalSection
EndGlobal
